
Microsoft Visual Studio Solution File, Format Version 12.00
# Visual Studio 2012
Project("{FAE04EC0-301F-11D3-BF4B-00C04F79EFBC}") = "TextToSpeechSample", "TextToSpeechSample\TextToSpeechSample.csproj", "{81F178E3-21B7-4148-8719-E08D45ADBF17}"
EndProject
Project("{FAE04EC0-301F-11D3-BF4B-00C04F79EFBC}") = "TextToSpeechSample.iOS", "iOS\TextToSpeechSample.iOS.csproj", "{A1645C1A-508B-4415-A724-9EB0A2ED5D8D}"
EndProject
Project("{FAE04EC0-301F-11D3-BF4B-00C04F79EFBC}") = "TextToSpeechSample.Droid", "Droid\TextToSpeechSample.Droid.csproj", "{80D638E9-4C53-4A99-992C-7A74A1BA11BE}"
EndProject
Global
	GlobalSection(SolutionConfigurationPlatforms) = preSolution
		Debug|Any CPU = Debug|Any CPU
		Release|Any CPU = Release|Any CPU
		Debug|iPhoneSimulator = Debug|iPhoneSimulator
		Release|iPhone = Release|iPhone
		Release|iPhoneSimulator = Release|iPhoneSimulator
		Debug|iPhone = Debug|iPhone
	EndGlobalSection
	GlobalSection(ProjectConfigurationPlatforms) = postSolution
		{81F178E3-21B7-4148-8719-E08D45ADBF17}.Debug|Any CPU.ActiveCfg = Debug|Any CPU
		{81F178E3-21B7-4148-8719-E08D45ADBF17}.Debug|Any CPU.Build.0 = Debug|Any CPU
		{81F178E3-21B7-4148-8719-E08D45ADBF17}.Release|Any CPU.ActiveCfg = Release|Any CPU
		{81F178E3-21B7-4148-8719-E08D45ADBF17}.Release|Any CPU.Build.0 = Release|Any CPU
		{81F178E3-21B7-4148-8719-E08D45ADBF17}.Debug|iPhoneSimulator.ActiveCfg = Debug|Any CPU
		{81F178E3-21B7-4148-8719-E08D45ADBF17}.Debug|iPhoneSimulator.Build.0 = Debug|Any CPU
		{81F178E3-21B7-4148-8719-E08D45ADBF17}.Release|iPhone.ActiveCfg = Release|Any CPU
		{81F178E3-21B7-4148-8719-E08D45ADBF17}.Release|iPhone.Build.0 = Release|Any CPU
		{81F178E3-21B7-4148-8719-E08D45ADBF17}.Release|iPhoneSimulator.ActiveCfg = Release|Any CPU
		{81F178E3-21B7-4148-8719-E08D45ADBF17}.Release|iPhoneSimulator.Build.0 = Release|Any CPU
		{81F178E3-21B7-4148-8719-E08D45ADBF17}.Debug|iPhone.ActiveCfg = Debug|Any CPU
		{81F178E3-21B7-4148-8719-E08D45ADBF17}.Debug|iPhone.Build.0 = Debug|Any CPU
		{A1645C1A-508B-4415-A724-9EB0A2ED5D8D}.Debug|Any CPU.ActiveCfg = Debug|iPhoneSimulator
		{A1645C1A-508B-4415-A724-9EB0A2ED5D8D}.Debug|Any CPU.Build.0 = Debug|iPhoneSimulator
		{A1645C1A-508B-4415-A724-9EB0A2ED5D8D}.Release|Any CPU.ActiveCfg = Release|iPhone
		{A1645C1A-508B-4415-A724-9EB0A2ED5D8D}.Release|Any CPU.Build.0 = Release|iPhone
		{A1645C1A-508B-4415-A724-9EB0A2ED5D8D}.Debug|iPhoneSimulator.ActiveCfg = Debug|iPhoneSimulator
		{A1645C1A-508B-4415-A724-9EB0A2ED5D8D}.Debug|iPhoneSimulator.Build.0 = Debug|iPhoneSimulator
		{A1645C1A-508B-4415-A724-9EB0A2ED5D8D}.Release|iPhone.ActiveCfg = Release|iPhone
		{A1645C1A-508B-4415-A724-9EB0A2ED5D8D}.Release|iPhone.Build.0 = Release|iPhone
		{A1645C1A-508B-4415-A724-9EB0A2ED5D8D}.Release|iPhoneSimulator.ActiveCfg = Release|iPhoneSimulator
		{A1645C1A-508B-4415-A724-9EB0A2ED5D8D}.Release|iPhoneSimulator.Build.0 = Release|iPhoneSimulator
		{A1645C1A-508B-4415-A724-9EB0A2ED5D8D}.Debug|iPhone.ActiveCfg = Debug|iPhone
		{A1645C1A-508B-4415-A724-9EB0A2ED5D8D}.Debug|iPhone.Build.0 = Debug|iPhone
		{80D638E9-4C53-4A99-992C-7A74A1BA11BE}.Debug|Any CPU.ActiveCfg = Debug|Any CPU
		{80D638E9-4C53-4A99-992C-7A74A1BA11BE}.Debug|Any CPU.Build.0 = Debug|Any CPU
		{80D638E9-4C53-4A99-992C-7A74A1BA11BE}.Release|Any CPU.ActiveCfg = Release|Any CPU
		{80D638E9-4C53-4A99-992C-7A74A1BA11BE}.Release|Any CPU.Build.0 = Release|Any CPU
		{80D638E9-4C53-4A99-992C-7A74A1BA11BE}.Debug|iPhoneSimulator.ActiveCfg = Debug|Any CPU
		{80D638E9-4C53-4A99-992C-7A74A1BA11BE}.Debug|iPhoneSimulator.Build.0 = Debug|Any CPU
		{80D638E9-4C53-4A99-992C-7A74A1BA11BE}.Release|iPhone.ActiveCfg = Release|Any CPU
		{80D638E9-4C53-4A99-992C-7A74A1BA11BE}.Release|iPhone.Build.0 = Release|Any CPU
		{80D638E9-4C53-4A99-992C-7A74A1BA11BE}.Release|iPhoneSimulator.ActiveCfg = Release|Any CPU
		{80D638E9-4C53-4A99-992C-7A74A1BA11BE}.Release|iPhoneSimulator.Build.0 = Release|Any CPU
		{80D638E9-4C53-4A99-992C-7A74A1BA11BE}.Debug|iPhone.ActiveCfg = Debug|Any CPU
		{80D638E9-4C53-4A99-992C-7A74A1BA11BE}.Debug|iPhone.Build.0 = Debug|Any CPU
	EndGlobalSection
EndGlobal
